
Microsoft Visual Studio Solution File, Format Version 12.00
# Visual Studio 2013
VisualStudioVersion = 12.0.21005.1
MinimumVisualStudioVersion = 10.0.40219.1
Project("{FAE04EC0-301F-11D3-BF4B-00C04F79EFBC}") = "ConsoleApplication2", "ConsoleApplication2\ConsoleApplication2.csproj", "{3CAE4419-89DA-4205-B8E1-AC0797F9AEF2}"
EndProject
Project("{FAE04EC0-301F-11D3-BF4B-00C04F79EFBC}") = "UnitTestProject1", "UnitTestProject1\UnitTestProject1.csproj", "{70023D14-87D9-43FD-A80C-413863C39859}"
EndProject
Project("{FAE04EC0-301F-11D3-BF4B-00C04F79EFBC}") = "ArticleApp", "ArticleApp\ArticleApp.csproj", "{6240862C-7AF9-417D-A32B-275ECCC89DBC}"
EndProject
Project("{FAE04EC0-301F-11D3-BF4B-00C04F79EFBC}") = "WebApplication1", "WebApplication1\WebApplication1.csproj", "{3451B88C-7A21-4D5D-9B61-94F7C8830173}"
EndProject
Global
	GlobalSection(SolutionConfigurationPlatforms) = preSolution
		Debug|Any CPU = Debug|Any CPU
		Release|Any CPU = Release|Any CPU
	EndGlobalSection
	GlobalSection(ProjectConfigurationPlatforms) = postSolution
		{3CAE4419-89DA-4205-B8E1-AC0797F9AEF2}.Debug|Any CPU.ActiveCfg = Debug|Any CPU
		{3CAE4419-89DA-4205-B8E1-AC0797F9AEF2}.Debug|Any CPU.Build.0 = Debug|Any CPU
		{3CAE4419-89DA-4205-B8E1-AC0797F9AEF2}.Release|Any CPU.ActiveCfg = Release|Any CPU
		{3CAE4419-89DA-4205-B8E1-AC0797F9AEF2}.Release|Any CPU.Build.0 = Release|Any CPU
		{70023D14-87D9-43FD-A80C-413863C39859}.Debug|Any CPU.ActiveCfg = Debug|Any CPU
		{70023D14-87D9-43FD-A80C-413863C39859}.Debug|Any CPU.Build.0 = Debug|Any CPU
		{70023D14-87D9-43FD-A80C-413863C39859}.Release|Any CPU.ActiveCfg = Release|Any CPU
		{70023D14-87D9-43FD-A80C-413863C39859}.Release|Any CPU.Build.0 = Release|Any CPU
		{6240862C-7AF9-417D-A32B-275ECCC89DBC}.Debug|Any CPU.ActiveCfg = Debug|Any CPU
		{6240862C-7AF9-417D-A32B-275ECCC89DBC}.Debug|Any CPU.Build.0 = Debug|Any CPU
		{6240862C-7AF9-417D-A32B-275ECCC89DBC}.Release|Any CPU.ActiveCfg = Release|Any CPU
		{6240862C-7AF9-417D-A32B-275ECCC89DBC}.Release|Any CPU.Build.0 = Release|Any CPU
		{3451B88C-7A21-4D5D-9B61-94F7C8830173}.Debug|Any CPU.ActiveCfg = Debug|Any CPU
		{3451B88C-7A21-4D5D-9B61-94F7C8830173}.Debug|Any CPU.Build.0 = Debug|Any CPU
		{3451B88C-7A21-4D5D-9B61-94F7C8830173}.Release|Any CPU.ActiveCfg = Release|Any CPU
		{3451B88C-7A21-4D5D-9B61-94F7C8830173}.Release|Any CPU.Build.0 = Release|Any CPU
	EndGlobalSection
	GlobalSection(SolutionProperties) = preSolution
		HideSolutionNode = FALSE
	EndGlobalSection
EndGlobal
